
Microsoft Visual Studio Solution File, Format Version 12.00
# Visual Studio Version 17
VisualStudioVersion = 17.0.31903.59
MinimumVisualStudioVersion = 10.0.40219.1
Project("{2150E333-8FDC-42A3-9474-1A3956D46DE8}") = "src", "src", "{C28C23AC-E57F-89F0-3AFD-E7016EBBA075}"
EndProject
Project("{2150E333-8FDC-42A3-9474-1A3956D46DE8}") = "tests", "tests", "{E6D15A01-C783-49F7-943C-311AC2D38A23}"
EndProject
Project("{FAE04EC0-301F-11D3-BF4B-00C04F79EFBC}") = "Leavo.Domain", "src\Leavo.Domain\Leavo.Domain.csproj", "{CD9A0897-6F07-4291-A34D-249A0F3D9356}"
EndProject
Project("{FAE04EC0-301F-11D3-BF4B-00C04F79EFBC}") = "Leavo.Application", "src\Leavo.Application\Leavo.Application.csproj", "{7B9D885E-8E99-49FD-A73F-5761F7E5476E}"
EndProject
Project("{FAE04EC0-301F-11D3-BF4B-00C04F79EFBC}") = "Leavo.Infrastructure", "src\Leavo.Infrastructure\Leavo.Infrastructure.csproj", "{484EF9DF-1B2D-4F67-B626-ED76F9366EDF}"
EndProject
Project("{FAE04EC0-301F-11D3-BF4B-00C04F79EFBC}") = "Leavo.API", "src\Leavo.API\Leavo.API.csproj", "{1165C938-1DB5-475B-AAD2-1C09B13B7A17}"
EndProject
Global
	GlobalSection(SolutionConfigurationPlatforms) = preSolution
		Debug|Any CPU = Debug|Any CPU
		Debug|x64 = Debug|x64
		Debug|x86 = Debug|x86
		Release|Any CPU = Release|Any CPU
		Release|x64 = Release|x64
		Release|x86 = Release|x86
	EndGlobalSection
	GlobalSection(ProjectConfigurationPlatforms) = postSolution
		{CD9A0897-6F07-4291-A34D-249A0F3D9356}.Debug|Any CPU.ActiveCfg = Debug|Any CPU
		{CD9A0897-6F07-4291-A34D-249A0F3D9356}.Debug|Any CPU.Build.0 = Debug|Any CPU
		{CD9A0897-6F07-4291-A34D-249A0F3D9356}.Debug|x64.ActiveCfg = Debug|Any CPU
		{CD9A0897-6F07-4291-A34D-249A0F3D9356}.Debug|x64.Build.0 = Debug|Any CPU
		{CD9A0897-6F07-4291-A34D-249A0F3D9356}.Debug|x86.ActiveCfg = Debug|Any CPU
		{CD9A0897-6F07-4291-A34D-249A0F3D9356}.Debug|x86.Build.0 = Debug|Any CPU
		{CD9A0897-6F07-4291-A34D-249A0F3D9356}.Release|Any CPU.ActiveCfg = Release|Any CPU
		{CD9A0897-6F07-4291-A34D-249A0F3D9356}.Release|Any CPU.Build.0 = Release|Any CPU
		{CD9A0897-6F07-4291-A34D-249A0F3D9356}.Release|x64.ActiveCfg = Release|Any CPU
		{CD9A0897-6F07-4291-A34D-249A0F3D9356}.Release|x64.Build.0 = Release|Any CPU
		{CD9A0897-6F07-4291-A34D-249A0F3D9356}.Release|x86.ActiveCfg = Release|Any CPU
		{CD9A0897-6F07-4291-A34D-249A0F3D9356}.Release|x86.Build.0 = Release|Any CPU
		{7B9D885E-8E99-49FD-A73F-5761F7E5476E}.Debug|Any CPU.ActiveCfg = Debug|Any CPU
		{7B9D885E-8E99-49FD-A73F-5761F7E5476E}.Debug|Any CPU.Build.0 = Debug|Any CPU
		{7B9D885E-8E99-49FD-A73F-5761F7E5476E}.Debug|x64.ActiveCfg = Debug|Any CPU
		{7B9D885E-8E99-49FD-A73F-5761F7E5476E}.Debug|x64.Build.0 = Debug|Any CPU
		{7B9D885E-8E99-49FD-A73F-5761F7E5476E}.Debug|x86.ActiveCfg = Debug|Any CPU
		{7B9D885E-8E99-49FD-A73F-5761F7E5476E}.Debug|x86.Build.0 = Debug|Any CPU
		{7B9D885E-8E99-49FD-A73F-5761F7E5476E}.Release|Any CPU.ActiveCfg = Release|Any CPU
		{7B9D885E-8E99-49FD-A73F-5761F7E5476E}.Release|Any CPU.Build.0 = Release|Any CPU
		{7B9D885E-8E99-49FD-A73F-5761F7E5476E}.Release|x64.ActiveCfg = Release|Any CPU
		{7B9D885E-8E99-49FD-A73F-5761F7E5476E}.Release|x64.Build.0 = Release|Any CPU
		{7B9D885E-8E99-49FD-A73F-5761F7E5476E}.Release|x86.ActiveCfg = Release|Any CPU
		{7B9D885E-8E99-49FD-A73F-5761F7E5476E}.Release|x86.Build.0 = Release|Any CPU
		{484EF9DF-1B2D-4F67-B626-ED76F9366EDF}.Debug|Any CPU.ActiveCfg = Debug|Any CPU
		{484EF9DF-1B2D-4F67-B626-ED76F9366EDF}.Debug|Any CPU.Build.0 = Debug|Any CPU
		{484EF9DF-1B2D-4F67-B626-ED76F9366EDF}.Debug|x64.ActiveCfg = Debug|Any CPU
		{484EF9DF-1B2D-4F67-B626-ED76F9366EDF}.Debug|x64.Build.0 = Debug|Any CPU
		{484EF9DF-1B2D-4F67-B626-ED76F9366EDF}.Debug|x86.ActiveCfg = Debug|Any CPU
		{484EF9DF-1B2D-4F67-B626-ED76F9366EDF}.Debug|x86.Build.0 = Debug|Any CPU
		{484EF9DF-1B2D-4F67-B626-ED76F9366EDF}.Release|Any CPU.ActiveCfg = Release|Any CPU
		{484EF9DF-1B2D-4F67-B626-ED76F9366EDF}.Release|Any CPU.Build.0 = Release|Any CPU
		{484EF9DF-1B2D-4F67-B626-ED76F9366EDF}.Release|x64.ActiveCfg = Release|Any CPU
		{484EF9DF-1B2D-4F67-B626-ED76F9366EDF}.Release|x64.Build.0 = Release|Any CPU
		{484EF9DF-1B2D-4F67-B626-ED76F9366EDF}.Release|x86.ActiveCfg = Release|Any CPU
		{484EF9DF-1B2D-4F67-B626-ED76F9366EDF}.Release|x86.Build.0 = Release|Any CPU
		{1165C938-1DB5-475B-AAD2-1C09B13B7A17}.Debug|Any CPU.ActiveCfg = Debug|Any CPU
		{1165C938-1DB5-475B-AAD2-1C09B13B7A17}.Debug|Any CPU.Build.0 = Debug|Any CPU
		{1165C938-1DB5-475B-AAD2-1C09B13B7A17}.Debug|x64.ActiveCfg = Debug|Any CPU
		{1165C938-1DB5-475B-AAD2-1C09B13B7A17}.Debug|x64.Build.0 = Debug|Any CPU
		{1165C938-1DB5-475B-AAD2-1C09B13B7A17}.Debug|x86.ActiveCfg = Debug|Any CPU
		{1165C938-1DB5-475B-AAD2-1C09B13B7A17}.Debug|x86.Build.0 = Debug|Any CPU
		{1165C938-1DB5-475B-AAD2-1C09B13B7A17}.Release|Any CPU.ActiveCfg = Release|Any CPU
		{1165C938-1DB5-475B-AAD2-1C09B13B7A17}.Release|Any CPU.Build.0 = Release|Any CPU
		{1165C938-1DB5-475B-AAD2-1C09B13B7A17}.Release|x64.ActiveCfg = Release|Any CPU
		{1165C938-1DB5-475B-AAD2-1C09B13B7A17}.Release|x64.Build.0 = Release|Any CPU
		{1165C938-1DB5-475B-AAD2-1C09B13B7A17}.Release|x86.ActiveCfg = Release|Any CPU
		{1165C938-1DB5-475B-AAD2-1C09B13B7A17}.Release|x86.Build.0 = Release|Any CPU
	EndGlobalSection
	GlobalSection(SolutionProperties) = preSolution
		HideSolutionNode = FALSE
	EndGlobalSection
	GlobalSection(NestedProjects) = preSolution
		{CD9A0897-6F07-4291-A34D-249A0F3D9356} = {C28C23AC-E57F-89F0-3AFD-E7016EBBA075}
		{7B9D885E-8E99-49FD-A73F-5761F7E5476E} = {C28C23AC-E57F-89F0-3AFD-E7016EBBA075}
		{484EF9DF-1B2D-4F67-B626-ED76F9366EDF} = {C28C23AC-E57F-89F0-3AFD-E7016EBBA075}
		{1165C938-1DB5-475B-AAD2-1C09B13B7A17} = {C28C23AC-E57F-89F0-3AFD-E7016EBBA075}
	EndGlobalSection
EndGlobal
