<Solution>
  <Folder Name="/src/">
    <Project Path="src/Leavo.API/Leavo.API.csproj" />
    <Project Path="src/Leavo.Application/Leavo.Application.csproj" />
    <Project Path="src/Leavo.Domain/Leavo.Domain.csproj" />
    <Project Path="src/Leavo.Infrastructure/Leavo.Infrastructure.csproj" />
  </Folder>
  <Folder Name="/tests/">
    <Project Path="tests/Leavo.Application.Tests/Leavo.Application.Tests.csproj" Id="a4e4b104-0775-4aa6-a8c0-443f9ae43367" />
  </Folder>
</Solution>
